{
  "name": "watch_refrash",
  "version": "1.0.0",
  "lockfileVersion": 1,
  "requires": true,
  "dependencies": {
    "no1-markdown-include": {
      "version": "0.4.6",
      "resolved": "https://registry.npmjs.org/no1-markdown-include/-/no1-markdown-include-0.4.6.tgz",
      "integrity": "sha512-4l8DUoerMRtlmrkkLdg5uqm7umZiknxh3qoGd65whPvnxDw7eZHXy688/GJ2r2LkeY5DzR7Neq+No390Iy1Org==",
      "requires": {
        "q": "1.5.0"
      }
    },
    "node-watch": {
      "version": "0.5.5",
      "resolved": "http://registry.npm.taobao.org/node-watch/download/node-watch-0.5.5.tgz",
      "integrity": "sha1-NIZbqLxoYasIas3MNAPkDtVcMnQ="
    },
    "q": {
      "version": "1.5.0",
      "resolved": "https://registry.npmjs.org/q/-/q-1.5.0.tgz",
      "integrity": "sha1-3QG6ydBtMObyGa7LglPunr3DCPE="
    }
  }
}
